
Microsoft Visual Studio Solution File, Format Version 12.00
# Visual Studio 15
VisualStudioVersion = 15.0.28010.2050
MinimumVisualStudioVersion = 10.0.40219.1
Project("{8BC9CEB8-8B4A-11D0-8D11-00A0C91BC942}") = "Lab_3 (Sorting)", "Lab_3\Lab_3.vcxproj", "{7E919D36-1249-4319-8284-2B841DBBAD39}"
EndProject
Project("{8BC9CEB8-8B4A-11D0-8D11-00A0C91BC942}") = "Lab_5(Matrix)", "Lab_5\Lab_5.vcxproj", "{990B78A2-D78C-4BA6-A300-17C8148119E8}"
EndProject
Project("{8BC9CEB8-8B4A-11D0-8D11-00A0C91BC942}") = "Lab_1", "Lab_1\Lab_1.vcxproj", "{AA4CC52E-41C8-4A9B-AD8B-AEFB95F88296}"
EndProject
Project("{8BC9CEB8-8B4A-11D0-8D11-00A0C91BC942}") = "Lab14(sSruct)", "Lab14\Lab14.vcxproj", "{257BB91A-B12B-486A-B40E-3C8A37829D8D}"
EndProject
Project("{8BC9CEB8-8B4A-11D0-8D11-00A0C91BC942}") = "Lab_9 (OverLoad)", "Lab_9\Lab_9.vcxproj", "{8428D706-EF2C-473F-9F98-867C07D46ECA}"
EndProject
Project("{8BC9CEB8-8B4A-11D0-8D11-00A0C91BC942}") = "Lab_8(files)", "Lab_8\Lab_8.vcxproj", "{E86355DA-19ED-4707-8709-95266BC00A51}"
EndProject
Project("{8BC9CEB8-8B4A-11D0-8D11-00A0C91BC942}") = "Lab13 (SSL)", "Lab_13 (SSL)\Lab_13 (SSL).vcxproj", "{A55A4E5C-0F3D-4C5B-94E3-6066F2B6856E}"
EndProject
Project("{8BC9CEB8-8B4A-11D0-8D11-00A0C91BC942}") = "Lab15(Exam)", "Lab15(Exam)\Lab15(Exam).vcxproj", "{E9D85608-188A-489C-9F18-16FF6ED0AAD2}"
EndProject
Project("{8BC9CEB8-8B4A-11D0-8D11-00A0C91BC942}") = "Lab16(Tree)", "Lab16(Tree)\Lab16(Tree).vcxproj", "{BF54D678-A486-4E78-AE8F-7F6E4047B2ED}"
EndProject
Project("{8BC9CEB8-8B4A-11D0-8D11-00A0C91BC942}") = "dll", "D:\Desktop\Институт\Языки Программирования\181-351_Shmakov-master\dll\dll\dll.vcxproj", "{27BF872A-4C8C-4F89-ADE3-8BDD8BD01303}"
EndProject
Project("{8BC9CEB8-8B4A-11D0-8D11-00A0C91BC942}") = "Lab_4", "Lab_4\Lab_4.vcxproj.vcxproj", "{527A3591-3379-4BFC-92FC-5B01EE9745AF}"
EndProject
Project("{8BC9CEB8-8B4A-11D0-8D11-00A0C91BC942}") = "Lab11", "Lab_11\Lab_11.vcxproj", "{3A14097D-282F-4B86-AFE9-779466EAFB98}"
EndProject
Project("{8BC9CEB8-8B4A-11D0-8D11-00A0C91BC942}") = "Lab_2", "Lab_2\Lab_2.vcxproj", "{426D3DF1-D3B1-4A88-BC95-9A518507BCCD}"
EndProject
Project("{8BC9CEB8-8B4A-11D0-8D11-00A0C91BC942}") = "Lab_7", "Lab_7\Lab_7.vcxproj", "{F22AAA08-4900-457C-AB5B-80F8F8C51C7A}"
EndProject
Project("{8BC9CEB8-8B4A-11D0-8D11-00A0C91BC942}") = "Lab_6(passport)", "Lab_6\Lab_6.vcxproj", "{EAC60189-00ED-4C5A-853C-54D01AF451B1}"
EndProject
Project("{8BC9CEB8-8B4A-11D0-8D11-00A0C91BC942}") = "lab12curl", "..\lab12curl\lab12curl\lab12curl.vcxproj", "{BDAA135C-B2A7-46CD-87FC-BF5A1144AFED}"
EndProject
Project("{8BC9CEB8-8B4A-11D0-8D11-00A0C91BC942}") = "lab12(OpenCV)", "lab12(OpenCV)\lab12(OpenCV)\lab12(OpenCV).vcxproj", "{F0BE3303-8D01-489C-9478-5CE4F92D4768}"
EndProject
Global
	GlobalSection(SolutionConfigurationPlatforms) = preSolution
		Debug|x64 = Debug|x64
		Debug|x86 = Debug|x86
		Release|x64 = Release|x64
		Release|x86 = Release|x86
	EndGlobalSection
	GlobalSection(ProjectConfigurationPlatforms) = postSolution
		{7E919D36-1249-4319-8284-2B841DBBAD39}.Debug|x64.ActiveCfg = Debug|x64
		{7E919D36-1249-4319-8284-2B841DBBAD39}.Debug|x64.Build.0 = Debug|x64
		{7E919D36-1249-4319-8284-2B841DBBAD39}.Debug|x86.ActiveCfg = Debug|Win32
		{7E919D36-1249-4319-8284-2B841DBBAD39}.Debug|x86.Build.0 = Debug|Win32
		{7E919D36-1249-4319-8284-2B841DBBAD39}.Release|x64.ActiveCfg = Release|x64
		{7E919D36-1249-4319-8284-2B841DBBAD39}.Release|x64.Build.0 = Release|x64
		{7E919D36-1249-4319-8284-2B841DBBAD39}.Release|x86.ActiveCfg = Release|Win32
		{7E919D36-1249-4319-8284-2B841DBBAD39}.Release|x86.Build.0 = Release|Win32
		{990B78A2-D78C-4BA6-A300-17C8148119E8}.Debug|x64.ActiveCfg = Debug|x64
		{990B78A2-D78C-4BA6-A300-17C8148119E8}.Debug|x64.Build.0 = Debug|x64
		{990B78A2-D78C-4BA6-A300-17C8148119E8}.Debug|x86.ActiveCfg = Debug|Win32
		{990B78A2-D78C-4BA6-A300-17C8148119E8}.Debug|x86.Build.0 = Debug|Win32
		{990B78A2-D78C-4BA6-A300-17C8148119E8}.Release|x64.ActiveCfg = Release|x64
		{990B78A2-D78C-4BA6-A300-17C8148119E8}.Release|x64.Build.0 = Release|x64
		{990B78A2-D78C-4BA6-A300-17C8148119E8}.Release|x86.ActiveCfg = Release|Win32
		{990B78A2-D78C-4BA6-A300-17C8148119E8}.Release|x86.Build.0 = Release|Win32
		{AA4CC52E-41C8-4A9B-AD8B-AEFB95F88296}.Debug|x64.ActiveCfg = Debug|x64
		{AA4CC52E-41C8-4A9B-AD8B-AEFB95F88296}.Debug|x64.Build.0 = Debug|x64
		{AA4CC52E-41C8-4A9B-AD8B-AEFB95F88296}.Debug|x86.ActiveCfg = Debug|Win32
		{AA4CC52E-41C8-4A9B-AD8B-AEFB95F88296}.Debug|x86.Build.0 = Debug|Win32
		{AA4CC52E-41C8-4A9B-AD8B-AEFB95F88296}.Release|x64.ActiveCfg = Release|x64
		{AA4CC52E-41C8-4A9B-AD8B-AEFB95F88296}.Release|x64.Build.0 = Release|x64
		{AA4CC52E-41C8-4A9B-AD8B-AEFB95F88296}.Release|x86.ActiveCfg = Release|Win32
		{AA4CC52E-41C8-4A9B-AD8B-AEFB95F88296}.Release|x86.Build.0 = Release|Win32
		{257BB91A-B12B-486A-B40E-3C8A37829D8D}.Debug|x64.ActiveCfg = Debug|x64
		{257BB91A-B12B-486A-B40E-3C8A37829D8D}.Debug|x64.Build.0 = Debug|x64
		{257BB91A-B12B-486A-B40E-3C8A37829D8D}.Debug|x86.ActiveCfg = Debug|Win32
		{257BB91A-B12B-486A-B40E-3C8A37829D8D}.Debug|x86.Build.0 = Debug|Win32
		{257BB91A-B12B-486A-B40E-3C8A37829D8D}.Release|x64.ActiveCfg = Release|x64
		{257BB91A-B12B-486A-B40E-3C8A37829D8D}.Release|x64.Build.0 = Release|x64
		{257BB91A-B12B-486A-B40E-3C8A37829D8D}.Release|x86.ActiveCfg = Release|Win32
		{257BB91A-B12B-486A-B40E-3C8A37829D8D}.Release|x86.Build.0 = Release|Win32
		{8428D706-EF2C-473F-9F98-867C07D46ECA}.Debug|x64.ActiveCfg = Debug|x64
		{8428D706-EF2C-473F-9F98-867C07D46ECA}.Debug|x64.Build.0 = Debug|x64
		{8428D706-EF2C-473F-9F98-867C07D46ECA}.Debug|x86.ActiveCfg = Debug|Win32
		{8428D706-EF2C-473F-9F98-867C07D46ECA}.Debug|x86.Build.0 = Debug|Win32
		{8428D706-EF2C-473F-9F98-867C07D46ECA}.Release|x64.ActiveCfg = Release|x64
		{8428D706-EF2C-473F-9F98-867C07D46ECA}.Release|x64.Build.0 = Release|x64
		{8428D706-EF2C-473F-9F98-867C07D46ECA}.Release|x86.ActiveCfg = Release|Win32
		{8428D706-EF2C-473F-9F98-867C07D46ECA}.Release|x86.Build.0 = Release|Win32
		{E86355DA-19ED-4707-8709-95266BC00A51}.Debug|x64.ActiveCfg = Debug|x64
		{E86355DA-19ED-4707-8709-95266BC00A51}.Debug|x64.Build.0 = Debug|x64
		{E86355DA-19ED-4707-8709-95266BC00A51}.Debug|x86.ActiveCfg = Debug|Win32
		{E86355DA-19ED-4707-8709-95266BC00A51}.Debug|x86.Build.0 = Debug|Win32
		{E86355DA-19ED-4707-8709-95266BC00A51}.Release|x64.ActiveCfg = Release|x64
		{E86355DA-19ED-4707-8709-95266BC00A51}.Release|x64.Build.0 = Release|x64
		{E86355DA-19ED-4707-8709-95266BC00A51}.Release|x86.ActiveCfg = Release|Win32
		{E86355DA-19ED-4707-8709-95266BC00A51}.Release|x86.Build.0 = Release|Win32
		{A55A4E5C-0F3D-4C5B-94E3-6066F2B6856E}.Debug|x64.ActiveCfg = Debug|x64
		{A55A4E5C-0F3D-4C5B-94E3-6066F2B6856E}.Debug|x64.Build.0 = Debug|x64
		{A55A4E5C-0F3D-4C5B-94E3-6066F2B6856E}.Debug|x86.ActiveCfg = Debug|Win32
		{A55A4E5C-0F3D-4C5B-94E3-6066F2B6856E}.Debug|x86.Build.0 = Debug|Win32
		{A55A4E5C-0F3D-4C5B-94E3-6066F2B6856E}.Release|x64.ActiveCfg = Release|x64
		{A55A4E5C-0F3D-4C5B-94E3-6066F2B6856E}.Release|x64.Build.0 = Release|x64
		{A55A4E5C-0F3D-4C5B-94E3-6066F2B6856E}.Release|x86.ActiveCfg = Release|Win32
		{A55A4E5C-0F3D-4C5B-94E3-6066F2B6856E}.Release|x86.Build.0 = Release|Win32
		{E9D85608-188A-489C-9F18-16FF6ED0AAD2}.Debug|x64.ActiveCfg = Debug|x64
		{E9D85608-188A-489C-9F18-16FF6ED0AAD2}.Debug|x64.Build.0 = Debug|x64
		{E9D85608-188A-489C-9F18-16FF6ED0AAD2}.Debug|x86.ActiveCfg = Debug|Win32
		{E9D85608-188A-489C-9F18-16FF6ED0AAD2}.Debug|x86.Build.0 = Debug|Win32
		{E9D85608-188A-489C-9F18-16FF6ED0AAD2}.Release|x64.ActiveCfg = Release|x64
		{E9D85608-188A-489C-9F18-16FF6ED0AAD2}.Release|x64.Build.0 = Release|x64
		{E9D85608-188A-489C-9F18-16FF6ED0AAD2}.Release|x86.ActiveCfg = Release|Win32
		{E9D85608-188A-489C-9F18-16FF6ED0AAD2}.Release|x86.Build.0 = Release|Win32
		{BF54D678-A486-4E78-AE8F-7F6E4047B2ED}.Debug|x64.ActiveCfg = Debug|x64
		{BF54D678-A486-4E78-AE8F-7F6E4047B2ED}.Debug|x64.Build.0 = Debug|x64
		{BF54D678-A486-4E78-AE8F-7F6E4047B2ED}.Debug|x86.ActiveCfg = Debug|Win32
		{BF54D678-A486-4E78-AE8F-7F6E4047B2ED}.Debug|x86.Build.0 = Debug|Win32
		{BF54D678-A486-4E78-AE8F-7F6E4047B2ED}.Release|x64.ActiveCfg = Release|x64
		{BF54D678-A486-4E78-AE8F-7F6E4047B2ED}.Release|x64.Build.0 = Release|x64
		{BF54D678-A486-4E78-AE8F-7F6E4047B2ED}.Release|x86.ActiveCfg = Release|Win32
		{BF54D678-A486-4E78-AE8F-7F6E4047B2ED}.Release|x86.Build.0 = Release|Win32
		{27BF872A-4C8C-4F89-ADE3-8BDD8BD01303}.Debug|x64.ActiveCfg = Debug|x64
		{27BF872A-4C8C-4F89-ADE3-8BDD8BD01303}.Debug|x64.Build.0 = Debug|x64
		{27BF872A-4C8C-4F89-ADE3-8BDD8BD01303}.Debug|x86.ActiveCfg = Debug|Win32
		{27BF872A-4C8C-4F89-ADE3-8BDD8BD01303}.Debug|x86.Build.0 = Debug|Win32
		{27BF872A-4C8C-4F89-ADE3-8BDD8BD01303}.Release|x64.ActiveCfg = Release|x64
		{27BF872A-4C8C-4F89-ADE3-8BDD8BD01303}.Release|x64.Build.0 = Release|x64
		{27BF872A-4C8C-4F89-ADE3-8BDD8BD01303}.Release|x86.ActiveCfg = Release|Win32
		{27BF872A-4C8C-4F89-ADE3-8BDD8BD01303}.Release|x86.Build.0 = Release|Win32
		{527A3591-3379-4BFC-92FC-5B01EE9745AF}.Debug|x64.ActiveCfg = Debug|x64
		{527A3591-3379-4BFC-92FC-5B01EE9745AF}.Debug|x64.Build.0 = Debug|x64
		{527A3591-3379-4BFC-92FC-5B01EE9745AF}.Debug|x86.ActiveCfg = Debug|Win32
		{527A3591-3379-4BFC-92FC-5B01EE9745AF}.Debug|x86.Build.0 = Debug|Win32
		{527A3591-3379-4BFC-92FC-5B01EE9745AF}.Release|x64.ActiveCfg = Release|x64
		{527A3591-3379-4BFC-92FC-5B01EE9745AF}.Release|x64.Build.0 = Release|x64
		{527A3591-3379-4BFC-92FC-5B01EE9745AF}.Release|x86.ActiveCfg = Release|Win32
		{527A3591-3379-4BFC-92FC-5B01EE9745AF}.Release|x86.Build.0 = Release|Win32
		{3A14097D-282F-4B86-AFE9-779466EAFB98}.Debug|x64.ActiveCfg = Debug|x64
		{3A14097D-282F-4B86-AFE9-779466EAFB98}.Debug|x64.Build.0 = Debug|x64
		{3A14097D-282F-4B86-AFE9-779466EAFB98}.Debug|x86.ActiveCfg = Debug|Win32
		{3A14097D-282F-4B86-AFE9-779466EAFB98}.Debug|x86.Build.0 = Debug|Win32
		{3A14097D-282F-4B86-AFE9-779466EAFB98}.Release|x64.ActiveCfg = Release|x64
		{3A14097D-282F-4B86-AFE9-779466EAFB98}.Release|x64.Build.0 = Release|x64
		{3A14097D-282F-4B86-AFE9-779466EAFB98}.Release|x86.ActiveCfg = Release|Win32
		{3A14097D-282F-4B86-AFE9-779466EAFB98}.Release|x86.Build.0 = Release|Win32
		{426D3DF1-D3B1-4A88-BC95-9A518507BCCD}.Debug|x64.ActiveCfg = Debug|x64
		{426D3DF1-D3B1-4A88-BC95-9A518507BCCD}.Debug|x64.Build.0 = Debug|x64
		{426D3DF1-D3B1-4A88-BC95-9A518507BCCD}.Debug|x86.ActiveCfg = Debug|Win32
		{426D3DF1-D3B1-4A88-BC95-9A518507BCCD}.Debug|x86.Build.0 = Debug|Win32
		{426D3DF1-D3B1-4A88-BC95-9A518507BCCD}.Release|x64.ActiveCfg = Release|x64
		{426D3DF1-D3B1-4A88-BC95-9A518507BCCD}.Release|x64.Build.0 = Release|x64
		{426D3DF1-D3B1-4A88-BC95-9A518507BCCD}.Release|x86.ActiveCfg = Release|Win32
		{426D3DF1-D3B1-4A88-BC95-9A518507BCCD}.Release|x86.Build.0 = Release|Win32
		{F22AAA08-4900-457C-AB5B-80F8F8C51C7A}.Debug|x64.ActiveCfg = Debug|x64
		{F22AAA08-4900-457C-AB5B-80F8F8C51C7A}.Debug|x64.Build.0 = Debug|x64
		{F22AAA08-4900-457C-AB5B-80F8F8C51C7A}.Debug|x86.ActiveCfg = Debug|Win32
		{F22AAA08-4900-457C-AB5B-80F8F8C51C7A}.Debug|x86.Build.0 = Debug|Win32
		{F22AAA08-4900-457C-AB5B-80F8F8C51C7A}.Release|x64.ActiveCfg = Release|x64
		{F22AAA08-4900-457C-AB5B-80F8F8C51C7A}.Release|x64.Build.0 = Release|x64
		{F22AAA08-4900-457C-AB5B-80F8F8C51C7A}.Release|x86.ActiveCfg = Release|Win32
		{F22AAA08-4900-457C-AB5B-80F8F8C51C7A}.Release|x86.Build.0 = Release|Win32
		{EAC60189-00ED-4C5A-853C-54D01AF451B1}.Debug|x64.ActiveCfg = Debug|x64
		{EAC60189-00ED-4C5A-853C-54D01AF451B1}.Debug|x64.Build.0 = Debug|x64
		{EAC60189-00ED-4C5A-853C-54D01AF451B1}.Debug|x86.ActiveCfg = Debug|Win32
		{EAC60189-00ED-4C5A-853C-54D01AF451B1}.Debug|x86.Build.0 = Debug|Win32
		{EAC60189-00ED-4C5A-853C-54D01AF451B1}.Release|x64.ActiveCfg = Release|x64
		{EAC60189-00ED-4C5A-853C-54D01AF451B1}.Release|x64.Build.0 = Release|x64
		{EAC60189-00ED-4C5A-853C-54D01AF451B1}.Release|x86.ActiveCfg = Release|Win32
		{EAC60189-00ED-4C5A-853C-54D01AF451B1}.Release|x86.Build.0 = Release|Win32
		{BDAA135C-B2A7-46CD-87FC-BF5A1144AFED}.Debug|x64.ActiveCfg = Debug|x64
		{BDAA135C-B2A7-46CD-87FC-BF5A1144AFED}.Debug|x64.Build.0 = Debug|x64
		{BDAA135C-B2A7-46CD-87FC-BF5A1144AFED}.Debug|x86.ActiveCfg = Debug|Win32
		{BDAA135C-B2A7-46CD-87FC-BF5A1144AFED}.Debug|x86.Build.0 = Debug|Win32
		{BDAA135C-B2A7-46CD-87FC-BF5A1144AFED}.Release|x64.ActiveCfg = Release|x64
		{BDAA135C-B2A7-46CD-87FC-BF5A1144AFED}.Release|x64.Build.0 = Release|x64
		{BDAA135C-B2A7-46CD-87FC-BF5A1144AFED}.Release|x86.ActiveCfg = Release|Win32
		{BDAA135C-B2A7-46CD-87FC-BF5A1144AFED}.Release|x86.Build.0 = Release|Win32
		{F0BE3303-8D01-489C-9478-5CE4F92D4768}.Debug|x64.ActiveCfg = Debug|x64
		{F0BE3303-8D01-489C-9478-5CE4F92D4768}.Debug|x64.Build.0 = Debug|x64
		{F0BE3303-8D01-489C-9478-5CE4F92D4768}.Debug|x86.ActiveCfg = Debug|Win32
		{F0BE3303-8D01-489C-9478-5CE4F92D4768}.Debug|x86.Build.0 = Debug|Win32
		{F0BE3303-8D01-489C-9478-5CE4F92D4768}.Release|x64.ActiveCfg = Release|x64
		{F0BE3303-8D01-489C-9478-5CE4F92D4768}.Release|x64.Build.0 = Release|x64
		{F0BE3303-8D01-489C-9478-5CE4F92D4768}.Release|x86.ActiveCfg = Release|Win32
		{F0BE3303-8D01-489C-9478-5CE4F92D4768}.Release|x86.Build.0 = Release|Win32
	EndGlobalSection
	GlobalSection(SolutionProperties) = preSolution
		HideSolutionNode = FALSE
	EndGlobalSection
	GlobalSection(ExtensibilityGlobals) = postSolution
		SolutionGuid = {800E4C7E-E058-48ED-B20E-5C1E3EC7FD57}
	EndGlobalSection
EndGlobal
